
Microsoft Visual Studio Solution File, Format Version 12.00
# Visual Studio Version 16
VisualStudioVersion = 16.0.30523.141
MinimumVisualStudioVersion = 10.0.40219.1
Project("{FAE04EC0-301F-11D3-BF4B-00C04F79EFBC}") = "WpfAppPractice", "WpfAppPractice.csproj", "{9747E4C3-9216-45BD-8F87-268D4E65E501}"
EndProject
Global
	GlobalSection(SolutionConfigurationPlatforms) = preSolution
		Debug|Any CPU = Debug|Any CPU
		Release|Any CPU = Release|Any CPU
	EndGlobalSection
	GlobalSection(ProjectConfigurationPlatforms) = postSolution
		{9747E4C3-9216-45BD-8F87-268D4E65E501}.Debug|Any CPU.ActiveCfg = Debug|Any CPU
		{9747E4C3-9216-45BD-8F87-268D4E65E501}.Debug|Any CPU.Build.0 = Debug|Any CPU
		{9747E4C3-9216-45BD-8F87-268D4E65E501}.Release|Any CPU.ActiveCfg = Release|Any CPU
		{9747E4C3-9216-45BD-8F87-268D4E65E501}.Release|Any CPU.Build.0 = Release|Any CPU
	EndGlobalSection
	GlobalSection(SolutionProperties) = preSolution
		HideSolutionNode = FALSE
	EndGlobalSection
	GlobalSection(ExtensibilityGlobals) = postSolution
		SolutionGuid = {CAA2111E-FC08-4B19-9CA9-84AE22F2DFD5}
	EndGlobalSection
EndGlobal
